
Microsoft Visual Studio Solution File, Format Version 12.00
# Visual Studio Version 16
VisualStudioVersion = 16.0.31105.61
MinimumVisualStudioVersion = 10.0.40219.1
Project("{FAE04EC0-301F-11D3-BF4B-00C04F79EFBC}") = "BAI_1.1_LamQuenVoiCSharp", "anhtuan_ph18296\BAI_1.1_LamQuenVoiCSharp.csproj", "{F687673F-0F74-4065-AF16-6D338E15FC52}"
EndProject
Project("{FAE04EC0-301F-11D3-BF4B-00C04F79EFBC}") = "BAI_1.2_BienLaGi", "bai2_KhaiBaoBien\BAI_1.2_BienLaGi.csproj", "{4E628D9F-3EFF-426B-B19D-0D9745FA6C95}"
EndProject
Project("{FAE04EC0-301F-11D3-BF4B-00C04F79EFBC}") = "BAI_1.3_NhapXuatGiaTriTuBanPhim", "bài1.3\BAI_1.3_NhapXuatGiaTriTuBanPhim.csproj", "{C72DBDE6-CF5E-4E4B-889F-ECE5DA51EAC3}"
EndProject
Project("{FAE04EC0-301F-11D3-BF4B-00C04F79EFBC}") = "Bai_1.4_EpKieu", "bai1.4\Bai_1.4_EpKieu.csproj", "{D1970A83-9D5F-43CF-9BF8-094581796EC1}"
EndProject
Project("{FAE04EC0-301F-11D3-BF4B-00C04F79EFBC}") = "Bai_2.5_BaiTongHop", "Bai_2._5_BaiTongHop\Bai_2.5_BaiTongHop.csproj", "{9B951DE1-7BF4-4270-885B-21ADA25A2433}"
EndProject
Project("{FAE04EC0-301F-11D3-BF4B-00C04F79EFBC}") = "Bai_1.5_ToanTu", "Bai_1.5_ToanTu\Bai_1.5_ToanTu.csproj", "{C8881098-79FE-4D3C-837A-3131648E5659}"
EndProject
Project("{FAE04EC0-301F-11D3-BF4B-00C04F79EFBC}") = "Bai_1.6_CauLenh_IF", "Bai_1.6_CauLenh_IF\Bai_1.6_CauLenh_IF.csproj", "{480B3A96-7021-4A88-B3D4-F460C5043AC9}"
EndProject
Project("{FAE04EC0-301F-11D3-BF4B-00C04F79EFBC}") = "Bai_1.7_CauLenh_Else", "Bai_1.7_CauLenh_Else\Bai_1.7_CauLenh_Else.csproj", "{EEA6008D-E872-4107-A13E-4BC02AA57AD4}"
EndProject
Project("{FAE04EC0-301F-11D3-BF4B-00C04F79EFBC}") = "Bai_1.8_CauLenh_Esle_If", "Bai_1.8_CauLenh_Esle_If\Bai_1.8_CauLenh_Esle_If.csproj", "{4C95863A-DFC2-4866-8094-2EDADDF63629}"
EndProject
Project("{FAE04EC0-301F-11D3-BF4B-00C04F79EFBC}") = "Bai_1.9_ToanTuBaNgoi", "Bai_1.9_ToanTuBaNgoi\Bai_1.9_ToanTuBaNgoi.csproj", "{E4CBF666-9C0B-4F2B-A90D-626D240F0ABC}"
EndProject
Project("{FAE04EC0-301F-11D3-BF4B-00C04F79EFBC}") = "Bai_2.0_CauLenh_Switch_Case", "Bai_2.0_CauLenh_Switch_Case\Bai_2.0_CauLenh_Switch_Case.csproj", "{4A470877-5FA6-4859-B6D8-242A29A07DEA}"
EndProject
Project("{FAE04EC0-301F-11D3-BF4B-00C04F79EFBC}") = "Bai_2.1_VongLap_While", "Bai_2.1_VongLap_While\Bai_2.1_VongLap_While.csproj", "{9A807BB3-80CC-49BC-8E05-B078F3AE5238}"
EndProject
Project("{FAE04EC0-301F-11D3-BF4B-00C04F79EFBC}") = "Bai_2.2_VongLap_Do_While", "Bai_2.2_VongLap_Do_While\Bai_2.2_VongLap_Do_While.csproj", "{49E4EDBA-03DA-463C-ABB4-9B560DDD9164}"
EndProject
Project("{FAE04EC0-301F-11D3-BF4B-00C04F79EFBC}") = "Bai_2.3_Array", "Bai_2.3_Array\Bai_2.3_Array.csproj", "{A964F2FD-70D2-43DB-A58D-9CEBB8A41BC4}"
EndProject
Project("{FAE04EC0-301F-11D3-BF4B-00C04F79EFBC}") = "Bai_2.4_VongLap_For", "Bai_2.4_VongLap_For\Bai_2.4_VongLap_For.csproj", "{899DAA96-4B56-4483-8E78-EC3C181DFDEC}"
EndProject
Project("{FAE04EC0-301F-11D3-BF4B-00C04F79EFBC}") = "Lab_1_2", "Lab_1_2\Lab_1_2.csproj", "{3B18EBFD-072C-498C-9D61-E0E4772BCC52}"
EndProject
Project("{FAE04EC0-301F-11D3-BF4B-00C04F79EFBC}") = "Bai_2.6_OOP_HuongDoiTuong", "Bai_2.6_OOP\Bai_2.6_OOP_HuongDoiTuong.csproj", "{EC3BBCCB-91D2-4849-9456-F7EF0E96C323}"
EndProject
Project("{FAE04EC0-301F-11D3-BF4B-00C04F79EFBC}") = "Bai_2.7_ArrayList", "Bai_TongHop\Bai_2.7_ArrayList.csproj", "{8B345798-DC09-4CDF-A741-9F899AC187AB}"
EndProject
Project("{FAE04EC0-301F-11D3-BF4B-00C04F79EFBC}") = "Bai_2.8_List", "Bai_2.8_List\Bai_2.8_List.csproj", "{745FACDF-2AC9-4865-B42F-5CD7606AE1E2}"
EndProject
Project("{FAE04EC0-301F-11D3-BF4B-00C04F79EFBC}") = "BAI_TAP_MAU_OOP", "BAI_TAP_MAU_OOP\BAI_TAP_MAU_OOP.csproj", "{65D96CE7-D7C5-421B-BBBE-C2A4C1BB3DF6}"
EndProject
Project("{FAE04EC0-301F-11D3-BF4B-00C04F79EFBC}") = "Bai_2.9_PhuongThuc_Method", "Bai_2.9_PhuongThuc_Method\Bai_2.9_PhuongThuc_Method.csproj", "{06F125BD-8EE3-49B6-A934-50DFA821C5B6}"
EndProject
Project("{FAE04EC0-301F-11D3-BF4B-00C04F79EFBC}") = "Bai_3.0_TinhKeThua", "Bai_3.0_TinhKeThua\Bai_3.0_TinhKeThua.csproj", "{A0672C02-DE7C-4DE0-8AB2-515F9C2F2A61}"
EndProject
Project("{FAE04EC0-301F-11D3-BF4B-00C04F79EFBC}") = "Bai_3.1_LINQ_COBAN", "Bai_3.1_LINQ_COBAN\Bai_3.1_LINQ_COBAN.csproj", "{598437D7-09CE-4C79-B267-5530C48C9605}"
EndProject
Project("{FAE04EC0-301F-11D3-BF4B-00C04F79EFBC}") = "Assignment", "Assignment\Assignment.csproj", "{40070C1C-420B-4E22-8281-3B24B0D4CD74}"
EndProject
Project("{FAE04EC0-301F-11D3-BF4B-00C04F79EFBC}") = "BAI_TAP_MAU_OPP_CRUD", "BAI_TAP_MAU_OPP_CRUD\BAI_TAP_MAU_OPP_CRUD.csproj", "{42AB8052-8873-429E-A657-BC3204A1F26D}"
EndProject
Project("{FAE04EC0-301F-11D3-BF4B-00C04F79EFBC}") = "Test_1", "Test_1\Test_1.csproj", "{E3E9D9A5-35A8-438F-8BE1-2B70B2354AB9}"
EndProject
Project("{FAE04EC0-301F-11D3-BF4B-00C04F79EFBC}") = "BAI_3.2_XuLiChuoi", "BAI_3.2_XuLiChuoi\BAI_3.2_XuLiChuoi.csproj", "{5407F0CD-FA8C-4A4A-8A14-01DC31DABE83}"
EndProject
Global
	GlobalSection(SolutionConfigurationPlatforms) = preSolution
		Debug|Any CPU = Debug|Any CPU
		Release|Any CPU = Release|Any CPU
	EndGlobalSection
	GlobalSection(ProjectConfigurationPlatforms) = postSolution
		{F687673F-0F74-4065-AF16-6D338E15FC52}.Debug|Any CPU.ActiveCfg = Debug|Any CPU
		{F687673F-0F74-4065-AF16-6D338E15FC52}.Debug|Any CPU.Build.0 = Debug|Any CPU
		{F687673F-0F74-4065-AF16-6D338E15FC52}.Release|Any CPU.ActiveCfg = Release|Any CPU
		{F687673F-0F74-4065-AF16-6D338E15FC52}.Release|Any CPU.Build.0 = Release|Any CPU
		{4E628D9F-3EFF-426B-B19D-0D9745FA6C95}.Debug|Any CPU.ActiveCfg = Debug|Any CPU
		{4E628D9F-3EFF-426B-B19D-0D9745FA6C95}.Debug|Any CPU.Build.0 = Debug|Any CPU
		{4E628D9F-3EFF-426B-B19D-0D9745FA6C95}.Release|Any CPU.ActiveCfg = Release|Any CPU
		{4E628D9F-3EFF-426B-B19D-0D9745FA6C95}.Release|Any CPU.Build.0 = Release|Any CPU
		{C72DBDE6-CF5E-4E4B-889F-ECE5DA51EAC3}.Debug|Any CPU.ActiveCfg = Debug|Any CPU
		{C72DBDE6-CF5E-4E4B-889F-ECE5DA51EAC3}.Debug|Any CPU.Build.0 = Debug|Any CPU
		{C72DBDE6-CF5E-4E4B-889F-ECE5DA51EAC3}.Release|Any CPU.ActiveCfg = Release|Any CPU
		{C72DBDE6-CF5E-4E4B-889F-ECE5DA51EAC3}.Release|Any CPU.Build.0 = Release|Any CPU
		{D1970A83-9D5F-43CF-9BF8-094581796EC1}.Debug|Any CPU.ActiveCfg = Debug|Any CPU
		{D1970A83-9D5F-43CF-9BF8-094581796EC1}.Debug|Any CPU.Build.0 = Debug|Any CPU
		{D1970A83-9D5F-43CF-9BF8-094581796EC1}.Release|Any CPU.ActiveCfg = Release|Any CPU
		{D1970A83-9D5F-43CF-9BF8-094581796EC1}.Release|Any CPU.Build.0 = Release|Any CPU
		{9B951DE1-7BF4-4270-885B-21ADA25A2433}.Debug|Any CPU.ActiveCfg = Debug|Any CPU
		{9B951DE1-7BF4-4270-885B-21ADA25A2433}.Debug|Any CPU.Build.0 = Debug|Any CPU
		{9B951DE1-7BF4-4270-885B-21ADA25A2433}.Release|Any CPU.ActiveCfg = Release|Any CPU
		{9B951DE1-7BF4-4270-885B-21ADA25A2433}.Release|Any CPU.Build.0 = Release|Any CPU
		{C8881098-79FE-4D3C-837A-3131648E5659}.Debug|Any CPU.ActiveCfg = Debug|Any CPU
		{C8881098-79FE-4D3C-837A-3131648E5659}.Debug|Any CPU.Build.0 = Debug|Any CPU
		{C8881098-79FE-4D3C-837A-3131648E5659}.Release|Any CPU.ActiveCfg = Release|Any CPU
		{C8881098-79FE-4D3C-837A-3131648E5659}.Release|Any CPU.Build.0 = Release|Any CPU
		{480B3A96-7021-4A88-B3D4-F460C5043AC9}.Debug|Any CPU.ActiveCfg = Debug|Any CPU
		{480B3A96-7021-4A88-B3D4-F460C5043AC9}.Debug|Any CPU.Build.0 = Debug|Any CPU
		{480B3A96-7021-4A88-B3D4-F460C5043AC9}.Release|Any CPU.ActiveCfg = Release|Any CPU
		{480B3A96-7021-4A88-B3D4-F460C5043AC9}.Release|Any CPU.Build.0 = Release|Any CPU
		{EEA6008D-E872-4107-A13E-4BC02AA57AD4}.Debug|Any CPU.ActiveCfg = Debug|Any CPU
		{EEA6008D-E872-4107-A13E-4BC02AA57AD4}.Debug|Any CPU.Build.0 = Debug|Any CPU
		{EEA6008D-E872-4107-A13E-4BC02AA57AD4}.Release|Any CPU.ActiveCfg = Release|Any CPU
		{EEA6008D-E872-4107-A13E-4BC02AA57AD4}.Release|Any CPU.Build.0 = Release|Any CPU
		{4C95863A-DFC2-4866-8094-2EDADDF63629}.Debug|Any CPU.ActiveCfg = Debug|Any CPU
		{4C95863A-DFC2-4866-8094-2EDADDF63629}.Debug|Any CPU.Build.0 = Debug|Any CPU
		{4C95863A-DFC2-4866-8094-2EDADDF63629}.Release|Any CPU.ActiveCfg = Release|Any CPU
		{4C95863A-DFC2-4866-8094-2EDADDF63629}.Release|Any CPU.Build.0 = Release|Any CPU
		{E4CBF666-9C0B-4F2B-A90D-626D240F0ABC}.Debug|Any CPU.ActiveCfg = Debug|Any CPU
		{E4CBF666-9C0B-4F2B-A90D-626D240F0ABC}.Debug|Any CPU.Build.0 = Debug|Any CPU
		{E4CBF666-9C0B-4F2B-A90D-626D240F0ABC}.Release|Any CPU.ActiveCfg = Release|Any CPU
		{E4CBF666-9C0B-4F2B-A90D-626D240F0ABC}.Release|Any CPU.Build.0 = Release|Any CPU
		{4A470877-5FA6-4859-B6D8-242A29A07DEA}.Debug|Any CPU.ActiveCfg = Debug|Any CPU
		{4A470877-5FA6-4859-B6D8-242A29A07DEA}.Debug|Any CPU.Build.0 = Debug|Any CPU
		{4A470877-5FA6-4859-B6D8-242A29A07DEA}.Release|Any CPU.ActiveCfg = Release|Any CPU
		{4A470877-5FA6-4859-B6D8-242A29A07DEA}.Release|Any CPU.Build.0 = Release|Any CPU
		{9A807BB3-80CC-49BC-8E05-B078F3AE5238}.Debug|Any CPU.ActiveCfg = Debug|Any CPU
		{9A807BB3-80CC-49BC-8E05-B078F3AE5238}.Debug|Any CPU.Build.0 = Debug|Any CPU
		{9A807BB3-80CC-49BC-8E05-B078F3AE5238}.Release|Any CPU.ActiveCfg = Release|Any CPU
		{9A807BB3-80CC-49BC-8E05-B078F3AE5238}.Release|Any CPU.Build.0 = Release|Any CPU
		{49E4EDBA-03DA-463C-ABB4-9B560DDD9164}.Debug|Any CPU.ActiveCfg = Debug|Any CPU
		{49E4EDBA-03DA-463C-ABB4-9B560DDD9164}.Debug|Any CPU.Build.0 = Debug|Any CPU
		{49E4EDBA-03DA-463C-ABB4-9B560DDD9164}.Release|Any CPU.ActiveCfg = Release|Any CPU
		{49E4EDBA-03DA-463C-ABB4-9B560DDD9164}.Release|Any CPU.Build.0 = Release|Any CPU
		{A964F2FD-70D2-43DB-A58D-9CEBB8A41BC4}.Debug|Any CPU.ActiveCfg = Debug|Any CPU
		{A964F2FD-70D2-43DB-A58D-9CEBB8A41BC4}.Debug|Any CPU.Build.0 = Debug|Any CPU
		{A964F2FD-70D2-43DB-A58D-9CEBB8A41BC4}.Release|Any CPU.ActiveCfg = Release|Any CPU
		{A964F2FD-70D2-43DB-A58D-9CEBB8A41BC4}.Release|Any CPU.Build.0 = Release|Any CPU
		{899DAA96-4B56-4483-8E78-EC3C181DFDEC}.Debug|Any CPU.ActiveCfg = Debug|Any CPU
		{899DAA96-4B56-4483-8E78-EC3C181DFDEC}.Debug|Any CPU.Build.0 = Debug|Any CPU
		{899DAA96-4B56-4483-8E78-EC3C181DFDEC}.Release|Any CPU.ActiveCfg = Release|Any CPU
		{899DAA96-4B56-4483-8E78-EC3C181DFDEC}.Release|Any CPU.Build.0 = Release|Any CPU
		{3B18EBFD-072C-498C-9D61-E0E4772BCC52}.Debug|Any CPU.ActiveCfg = Debug|Any CPU
		{3B18EBFD-072C-498C-9D61-E0E4772BCC52}.Debug|Any CPU.Build.0 = Debug|Any CPU
		{3B18EBFD-072C-498C-9D61-E0E4772BCC52}.Release|Any CPU.ActiveCfg = Release|Any CPU
		{3B18EBFD-072C-498C-9D61-E0E4772BCC52}.Release|Any CPU.Build.0 = Release|Any CPU
		{EC3BBCCB-91D2-4849-9456-F7EF0E96C323}.Debug|Any CPU.ActiveCfg = Debug|Any CPU
		{EC3BBCCB-91D2-4849-9456-F7EF0E96C323}.Debug|Any CPU.Build.0 = Debug|Any CPU
		{EC3BBCCB-91D2-4849-9456-F7EF0E96C323}.Release|Any CPU.ActiveCfg = Release|Any CPU
		{EC3BBCCB-91D2-4849-9456-F7EF0E96C323}.Release|Any CPU.Build.0 = Release|Any CPU
		{8B345798-DC09-4CDF-A741-9F899AC187AB}.Debug|Any CPU.ActiveCfg = Debug|Any CPU
		{8B345798-DC09-4CDF-A741-9F899AC187AB}.Debug|Any CPU.Build.0 = Debug|Any CPU
		{8B345798-DC09-4CDF-A741-9F899AC187AB}.Release|Any CPU.ActiveCfg = Release|Any CPU
		{8B345798-DC09-4CDF-A741-9F899AC187AB}.Release|Any CPU.Build.0 = Release|Any CPU
		{745FACDF-2AC9-4865-B42F-5CD7606AE1E2}.Debug|Any CPU.ActiveCfg = Debug|Any CPU
		{745FACDF-2AC9-4865-B42F-5CD7606AE1E2}.Debug|Any CPU.Build.0 = Debug|Any CPU
		{745FACDF-2AC9-4865-B42F-5CD7606AE1E2}.Release|Any CPU.ActiveCfg = Release|Any CPU
		{745FACDF-2AC9-4865-B42F-5CD7606AE1E2}.Release|Any CPU.Build.0 = Release|Any CPU
		{65D96CE7-D7C5-421B-BBBE-C2A4C1BB3DF6}.Debug|Any CPU.ActiveCfg = Debug|Any CPU
		{65D96CE7-D7C5-421B-BBBE-C2A4C1BB3DF6}.Debug|Any CPU.Build.0 = Debug|Any CPU
		{65D96CE7-D7C5-421B-BBBE-C2A4C1BB3DF6}.Release|Any CPU.ActiveCfg = Release|Any CPU
		{65D96CE7-D7C5-421B-BBBE-C2A4C1BB3DF6}.Release|Any CPU.Build.0 = Release|Any CPU
		{06F125BD-8EE3-49B6-A934-50DFA821C5B6}.Debug|Any CPU.ActiveCfg = Debug|Any CPU
		{06F125BD-8EE3-49B6-A934-50DFA821C5B6}.Debug|Any CPU.Build.0 = Debug|Any CPU
		{06F125BD-8EE3-49B6-A934-50DFA821C5B6}.Release|Any CPU.ActiveCfg = Release|Any CPU
		{06F125BD-8EE3-49B6-A934-50DFA821C5B6}.Release|Any CPU.Build.0 = Release|Any CPU
		{A0672C02-DE7C-4DE0-8AB2-515F9C2F2A61}.Debug|Any CPU.ActiveCfg = Debug|Any CPU
		{A0672C02-DE7C-4DE0-8AB2-515F9C2F2A61}.Debug|Any CPU.Build.0 = Debug|Any CPU
		{A0672C02-DE7C-4DE0-8AB2-515F9C2F2A61}.Release|Any CPU.ActiveCfg = Release|Any CPU
		{A0672C02-DE7C-4DE0-8AB2-515F9C2F2A61}.Release|Any CPU.Build.0 = Release|Any CPU
		{598437D7-09CE-4C79-B267-5530C48C9605}.Debug|Any CPU.ActiveCfg = Debug|Any CPU
		{598437D7-09CE-4C79-B267-5530C48C9605}.Debug|Any CPU.Build.0 = Debug|Any CPU
		{598437D7-09CE-4C79-B267-5530C48C9605}.Release|Any CPU.ActiveCfg = Release|Any CPU
		{598437D7-09CE-4C79-B267-5530C48C9605}.Release|Any CPU.Build.0 = Release|Any CPU
		{40070C1C-420B-4E22-8281-3B24B0D4CD74}.Debug|Any CPU.ActiveCfg = Debug|Any CPU
		{40070C1C-420B-4E22-8281-3B24B0D4CD74}.Debug|Any CPU.Build.0 = Debug|Any CPU
		{40070C1C-420B-4E22-8281-3B24B0D4CD74}.Release|Any CPU.ActiveCfg = Release|Any CPU
		{40070C1C-420B-4E22-8281-3B24B0D4CD74}.Release|Any CPU.Build.0 = Release|Any CPU
		{42AB8052-8873-429E-A657-BC3204A1F26D}.Debug|Any CPU.ActiveCfg = Debug|Any CPU
		{42AB8052-8873-429E-A657-BC3204A1F26D}.Debug|Any CPU.Build.0 = Debug|Any CPU
		{42AB8052-8873-429E-A657-BC3204A1F26D}.Release|Any CPU.ActiveCfg = Release|Any CPU
		{42AB8052-8873-429E-A657-BC3204A1F26D}.Release|Any CPU.Build.0 = Release|Any CPU
		{E3E9D9A5-35A8-438F-8BE1-2B70B2354AB9}.Debug|Any CPU.ActiveCfg = Debug|Any CPU
		{E3E9D9A5-35A8-438F-8BE1-2B70B2354AB9}.Debug|Any CPU.Build.0 = Debug|Any CPU
		{E3E9D9A5-35A8-438F-8BE1-2B70B2354AB9}.Release|Any CPU.ActiveCfg = Release|Any CPU
		{E3E9D9A5-35A8-438F-8BE1-2B70B2354AB9}.Release|Any CPU.Build.0 = Release|Any CPU
		{5407F0CD-FA8C-4A4A-8A14-01DC31DABE83}.Debug|Any CPU.ActiveCfg = Debug|Any CPU
		{5407F0CD-FA8C-4A4A-8A14-01DC31DABE83}.Debug|Any CPU.Build.0 = Debug|Any CPU
		{5407F0CD-FA8C-4A4A-8A14-01DC31DABE83}.Release|Any CPU.ActiveCfg = Release|Any CPU
		{5407F0CD-FA8C-4A4A-8A14-01DC31DABE83}.Release|Any CPU.Build.0 = Release|Any CPU
	EndGlobalSection
	GlobalSection(SolutionProperties) = preSolution
		HideSolutionNode = FALSE
	EndGlobalSection
	GlobalSection(ExtensibilityGlobals) = postSolution
		SolutionGuid = {4F9B92C3-318B-4F6A-A7C8-30A0F6C01DB0}
	EndGlobalSection
EndGlobal
